
Microsoft Visual Studio Solution File, Format Version 12.00
# Visual Studio 14
VisualStudioVersion = 14.0.25420.1
MinimumVisualStudioVersion = 10.0.40219.1
Project("{FAE04EC0-301F-11D3-BF4B-00C04F79EFBC}") = "practice6", "practice5\practice6.csproj", "{5FFED530-B31A-4E22-B0CB-1401AB0ECF46}"
EndProject
Project("{FAE04EC0-301F-11D3-BF4B-00C04F79EFBC}") = "practice5Tests", "practice5Tests\practice5Tests.csproj", "{BED299C9-A776-4AAE-B91D-CEDCCC3015A8}"
EndProject
Global
	GlobalSection(SolutionConfigurationPlatforms) = preSolution
		Debug|Any CPU = Debug|Any CPU
		Release|Any CPU = Release|Any CPU
	EndGlobalSection
	GlobalSection(ProjectConfigurationPlatforms) = postSolution
		{5FFED530-B31A-4E22-B0CB-1401AB0ECF46}.Debug|Any CPU.ActiveCfg = Debug|Any CPU
		{5FFED530-B31A-4E22-B0CB-1401AB0ECF46}.Debug|Any CPU.Build.0 = Debug|Any CPU
		{5FFED530-B31A-4E22-B0CB-1401AB0ECF46}.Release|Any CPU.ActiveCfg = Release|Any CPU
		{5FFED530-B31A-4E22-B0CB-1401AB0ECF46}.Release|Any CPU.Build.0 = Release|Any CPU
		{BED299C9-A776-4AAE-B91D-CEDCCC3015A8}.Debug|Any CPU.ActiveCfg = Debug|Any CPU
		{BED299C9-A776-4AAE-B91D-CEDCCC3015A8}.Debug|Any CPU.Build.0 = Debug|Any CPU
		{BED299C9-A776-4AAE-B91D-CEDCCC3015A8}.Release|Any CPU.ActiveCfg = Release|Any CPU
		{BED299C9-A776-4AAE-B91D-CEDCCC3015A8}.Release|Any CPU.Build.0 = Release|Any CPU
	EndGlobalSection
	GlobalSection(SolutionProperties) = preSolution
		HideSolutionNode = FALSE
	EndGlobalSection
EndGlobal
